
Microsoft Visual Studio Solution File, Format Version 12.00
# Visual Studio Version 16
VisualStudioVersion = 16.0.30611.23
MinimumVisualStudioVersion = 10.0.40219.1
Project("{FAE04EC0-301F-11D3-BF4B-00C04F79EFBC}") = "Demo", "Demo\Demo.csproj", "{55D25F8A-253E-4F1C-8CFD-29BBC443323B}"
EndProject
Global
	GlobalSection(SolutionConfigurationPlatforms) = preSolution
		Debug|Any CPU = Debug|Any CPU
		Release|Any CPU = Release|Any CPU
	EndGlobalSection
	GlobalSection(ProjectConfigurationPlatforms) = postSolution
		{55D25F8A-253E-4F1C-8CFD-29BBC443323B}.Debug|Any CPU.ActiveCfg = Debug|Any CPU
		{55D25F8A-253E-4F1C-8CFD-29BBC443323B}.Debug|Any CPU.Build.0 = Debug|Any CPU
		{55D25F8A-253E-4F1C-8CFD-29BBC443323B}.Release|Any CPU.ActiveCfg = Release|Any CPU
		{55D25F8A-253E-4F1C-8CFD-29BBC443323B}.Release|Any CPU.Build.0 = Release|Any CPU
	EndGlobalSection
	GlobalSection(SolutionProperties) = preSolution
		HideSolutionNode = FALSE
	EndGlobalSection
	GlobalSection(ExtensibilityGlobals) = postSolution
		SolutionGuid = {0EC444E8-0FE6-428F-8FC5-FFEBCAAD98BF}
	EndGlobalSection
EndGlobal
